{
  "pins" : [
    {
      "identity" : "networking",
      "kind" : "remoteSourceControl",
      "location" : "https://github.com/vfeder6/Networking",
      "state" : {
        "branch" : "feature/fixes",
        "revision" : "1abda2883289a7cee48849f3b33989a21e71c49c"
      }
    }
  ],
  "version" : 2
}
