{
  "pins" : [
    {
      "identity" : "networking",
      "kind" : "remoteSourceControl",
      "location" : "https://github.com/vfeder6/Networking",
      "state" : {
        "branch" : "feature/image-fetcher",
        "revision" : "e9854eb6390c4170a8dc55285f088e7458f84556"
      }
    }
  ],
  "version" : 2
}
