{
  "pins" : [
    {
      "identity" : "networking",
      "kind" : "remoteSourceControl",
      "location" : "https://github.com/vfeder6/Networking",
      "state" : {
        "branch" : "feature/image-fetcher",
        "revision" : "0f91138b9c9fe6a5f15136c5a222f33ff100e99a"
      }
    }
  ],
  "version" : 2
}
