// !$*UTF8*$!
{
	archiveVersion = 1;
	classes = {
	};
	objectVersion = 56;
	objects = {

/* Begin PBXBuildFile section */
		3303A3DE29C9CC9E00FD37C7 /* Lato-Black.ttf in Resources */ = {isa = PBXBuildFile; fileRef = 3303A3D829C9CC9E00FD37C7 /* Lato-Black.ttf */; };
		3303A3DF29C9CC9E00FD37C7 /* Lato-Light.ttf in Resources */ = {isa = PBXBuildFile; fileRef = 3303A3D929C9CC9E00FD37C7 /* Lato-Light.ttf */; };
		3303A3E029C9CC9E00FD37C7 /* Lato-BlackItalic.ttf in Resources */ = {isa = PBXBuildFile; fileRef = 3303A3DA29C9CC9E00FD37C7 /* Lato-BlackItalic.ttf */; };
		3303A3E129C9CC9E00FD37C7 /* Lato-Regular.ttf in Resources */ = {isa = PBXBuildFile; fileRef = 3303A3DB29C9CC9E00FD37C7 /* Lato-Regular.ttf */; };
		3303A3E229C9CC9E00FD37C7 /* Lato-Italic.ttf in Resources */ = {isa = PBXBuildFile; fileRef = 3303A3DC29C9CC9E00FD37C7 /* Lato-Italic.ttf */; };
		3303A3E329C9CC9E00FD37C7 /* Lato-LightItalic.ttf in Resources */ = {isa = PBXBuildFile; fileRef = 3303A3DD29C9CC9E00FD37C7 /* Lato-LightItalic.ttf */; };
		3303A3E529C9CD8000FD37C7 /* Font+CustomFonts.swift in Sources */ = {isa = PBXBuildFile; fileRef = 3303A3E429C9CD8000FD37C7 /* Font+CustomFonts.swift */; };
		3303A3E829C9D00900FD37C7 /* Aligned.swift in Sources */ = {isa = PBXBuildFile; fileRef = 3303A3E729C9D00900FD37C7 /* Aligned.swift */; };
		3323B34D29C9FD61007E760E /* HeaderScrollView.swift in Sources */ = {isa = PBXBuildFile; fileRef = 3323B34C29C9FD61007E760E /* HeaderScrollView.swift */; };
		3323B35029CA0572007E760E /* ColoredLabel.swift in Sources */ = {isa = PBXBuildFile; fileRef = 3323B34F29CA0572007E760E /* ColoredLabel.swift */; };
		332910A829CFA80300954E4E /* Service+.swift in Sources */ = {isa = PBXBuildFile; fileRef = 332910A729CFA80300954E4E /* Service+.swift */; };
		332910AA29CFAEED00954E4E /* URLBuilder.swift in Sources */ = {isa = PBXBuildFile; fileRef = 332910A929CFAEED00954E4E /* URLBuilder.swift */; };
		333A554929C36B5B00A89EF4 /* BartenderApp.swift in Sources */ = {isa = PBXBuildFile; fileRef = 333A554829C36B5B00A89EF4 /* BartenderApp.swift */; };
		333A554B29C36B5B00A89EF4 /* RootView.swift in Sources */ = {isa = PBXBuildFile; fileRef = 333A554A29C36B5B00A89EF4 /* RootView.swift */; };
		333A554D29C36B5C00A89EF4 /* Images.xcassets in Resources */ = {isa = PBXBuildFile; fileRef = 333A554C29C36B5C00A89EF4 /* Images.xcassets */; };
		333A555A29C36B5C00A89EF4 /* BartenderTests.swift in Sources */ = {isa = PBXBuildFile; fileRef = 333A555929C36B5C00A89EF4 /* BartenderTests.swift */; };
		3343D10C29C3EEF5001A5C3E /* DrinkDetailsViewModel.swift in Sources */ = {isa = PBXBuildFile; fileRef = 3343D10B29C3EEF5001A5C3E /* DrinkDetailsViewModel.swift */; };
		3343D10E29C3EF90001A5C3E /* DrinkDetailsService.swift in Sources */ = {isa = PBXBuildFile; fileRef = 3343D10D29C3EF90001A5C3E /* DrinkDetailsService.swift */; };
		334D0E8B29C36CF5009F08E0 /* DrinksListView.swift in Sources */ = {isa = PBXBuildFile; fileRef = 334D0E8A29C36CF5009F08E0 /* DrinksListView.swift */; };
		334D0E8D29C36D41009F08E0 /* IngredientsListView.swift in Sources */ = {isa = PBXBuildFile; fileRef = 334D0E8C29C36D41009F08E0 /* IngredientsListView.swift */; };
		334D0E9329C379DD009F08E0 /* DrinksListService.swift in Sources */ = {isa = PBXBuildFile; fileRef = 334D0E9229C379DD009F08E0 /* DrinksListService.swift */; };
		334D0E9629C37A46009F08E0 /* Networking in Frameworks */ = {isa = PBXBuildFile; productRef = 334D0E9529C37A46009F08E0 /* Networking */; };
		334D0E9829C385A8009F08E0 /* DrinksListViewModel.swift in Sources */ = {isa = PBXBuildFile; fileRef = 334D0E9729C385A8009F08E0 /* DrinksListViewModel.swift */; };
		3356835929C8542F00C30FC7 /* DismissableView.swift in Sources */ = {isa = PBXBuildFile; fileRef = 3356835829C8542F00C30FC7 /* DismissableView.swift */; };
		3356835E29C89E8E00C30FC7 /* Drink.swift in Sources */ = {isa = PBXBuildFile; fileRef = 3356835D29C89E8E00C30FC7 /* Drink.swift */; };
		3356836129C89EFA00C30FC7 /* _Unknownable.swift in Sources */ = {isa = PBXBuildFile; fileRef = 3356836029C89EFA00C30FC7 /* _Unknownable.swift */; };
		3356836329C89F2800C30FC7 /* NetworkService+Constants.swift in Sources */ = {isa = PBXBuildFile; fileRef = 3356836229C89F2800C30FC7 /* NetworkService+Constants.swift */; };
		3356836529C89F6700C30FC7 /* DrinkSummary.swift in Sources */ = {isa = PBXBuildFile; fileRef = 3356836429C89F6700C30FC7 /* DrinkSummary.swift */; };
		3356836729C89FB900C30FC7 /* Drink+Mocks.swift in Sources */ = {isa = PBXBuildFile; fileRef = 3356836629C89FB900C30FC7 /* Drink+Mocks.swift */; };
		3356836929C89FDC00C30FC7 /* DrinkSummary+Mocks.swift in Sources */ = {isa = PBXBuildFile; fileRef = 3356836829C89FDC00C30FC7 /* DrinkSummary+Mocks.swift */; };
		3374F3AB29C735F5009B5D8C /* DrinkDetailsView.swift in Sources */ = {isa = PBXBuildFile; fileRef = 3374F3AA29C735F5009B5D8C /* DrinkDetailsView.swift */; };
/* End PBXBuildFile section */

/* Begin PBXContainerItemProxy section */
		333A555629C36B5C00A89EF4 /* PBXContainerItemProxy */ = {
			isa = PBXContainerItemProxy;
			containerPortal = 333A553D29C36B5B00A89EF4 /* Project object */;
			proxyType = 1;
			remoteGlobalIDString = 333A554429C36B5B00A89EF4;
			remoteInfo = Bartender;
		};
/* End PBXContainerItemProxy section */

/* Begin PBXFileReference section */
		3303A3D729C9CB8800FD37C7 /* Info.plist */ = {isa = PBXFileReference; lastKnownFileType = text.plist; path = Info.plist; sourceTree = "<group>"; };
		3303A3D829C9CC9E00FD37C7 /* Lato-Black.ttf */ = {isa = PBXFileReference; lastKnownFileType = file; path = "Lato-Black.ttf"; sourceTree = "<group>"; };
		3303A3D929C9CC9E00FD37C7 /* Lato-Light.ttf */ = {isa = PBXFileReference; lastKnownFileType = file; path = "Lato-Light.ttf"; sourceTree = "<group>"; };
		3303A3DA29C9CC9E00FD37C7 /* Lato-BlackItalic.ttf */ = {isa = PBXFileReference; lastKnownFileType = file; path = "Lato-BlackItalic.ttf"; sourceTree = "<group>"; };
		3303A3DB29C9CC9E00FD37C7 /* Lato-Regular.ttf */ = {isa = PBXFileReference; lastKnownFileType = file; path = "Lato-Regular.ttf"; sourceTree = "<group>"; };
		3303A3DC29C9CC9E00FD37C7 /* Lato-Italic.ttf */ = {isa = PBXFileReference; lastKnownFileType = file; path = "Lato-Italic.ttf"; sourceTree = "<group>"; };
		3303A3DD29C9CC9E00FD37C7 /* Lato-LightItalic.ttf */ = {isa = PBXFileReference; lastKnownFileType = file; path = "Lato-LightItalic.ttf"; sourceTree = "<group>"; };
		3303A3E429C9CD8000FD37C7 /* Font+CustomFonts.swift */ = {isa = PBXFileReference; lastKnownFileType = sourcecode.swift; path = "Font+CustomFonts.swift"; sourceTree = "<group>"; };
		3303A3E729C9D00900FD37C7 /* Aligned.swift */ = {isa = PBXFileReference; lastKnownFileType = sourcecode.swift; path = Aligned.swift; sourceTree = "<group>"; };
		3323B34C29C9FD61007E760E /* HeaderScrollView.swift */ = {isa = PBXFileReference; lastKnownFileType = sourcecode.swift; path = HeaderScrollView.swift; sourceTree = "<group>"; };
		3323B34F29CA0572007E760E /* ColoredLabel.swift */ = {isa = PBXFileReference; lastKnownFileType = sourcecode.swift; path = ColoredLabel.swift; sourceTree = "<group>"; };
		332910A729CFA80300954E4E /* Service+.swift */ = {isa = PBXFileReference; lastKnownFileType = sourcecode.swift; path = "Service+.swift"; sourceTree = "<group>"; };
		332910A929CFAEED00954E4E /* URLBuilder.swift */ = {isa = PBXFileReference; lastKnownFileType = sourcecode.swift; path = URLBuilder.swift; sourceTree = "<group>"; };
		333A554529C36B5B00A89EF4 /* Bartender.app */ = {isa = PBXFileReference; explicitFileType = wrapper.application; includeInIndex = 0; path = Bartender.app; sourceTree = BUILT_PRODUCTS_DIR; };
		333A554829C36B5B00A89EF4 /* BartenderApp.swift */ = {isa = PBXFileReference; lastKnownFileType = sourcecode.swift; path = BartenderApp.swift; sourceTree = "<group>"; };
		333A554A29C36B5B00A89EF4 /* RootView.swift */ = {isa = PBXFileReference; lastKnownFileType = sourcecode.swift; path = RootView.swift; sourceTree = "<group>"; };
		333A554C29C36B5C00A89EF4 /* Images.xcassets */ = {isa = PBXFileReference; lastKnownFileType = folder.assetcatalog; path = Images.xcassets; sourceTree = "<group>"; };
		333A555529C36B5C00A89EF4 /* BartenderTests.xctest */ = {isa = PBXFileReference; explicitFileType = wrapper.cfbundle; includeInIndex = 0; path = BartenderTests.xctest; sourceTree = BUILT_PRODUCTS_DIR; };
		333A555929C36B5C00A89EF4 /* BartenderTests.swift */ = {isa = PBXFileReference; lastKnownFileType = sourcecode.swift; path = BartenderTests.swift; sourceTree = "<group>"; };
		3343D10B29C3EEF5001A5C3E /* DrinkDetailsViewModel.swift */ = {isa = PBXFileReference; lastKnownFileType = sourcecode.swift; path = DrinkDetailsViewModel.swift; sourceTree = "<group>"; };
		3343D10D29C3EF90001A5C3E /* DrinkDetailsService.swift */ = {isa = PBXFileReference; lastKnownFileType = sourcecode.swift; path = DrinkDetailsService.swift; sourceTree = "<group>"; };
		334D0E8A29C36CF5009F08E0 /* DrinksListView.swift */ = {isa = PBXFileReference; lastKnownFileType = sourcecode.swift; path = DrinksListView.swift; sourceTree = "<group>"; };
		334D0E8C29C36D41009F08E0 /* IngredientsListView.swift */ = {isa = PBXFileReference; lastKnownFileType = sourcecode.swift; path = IngredientsListView.swift; sourceTree = "<group>"; };
		334D0E9229C379DD009F08E0 /* DrinksListService.swift */ = {isa = PBXFileReference; lastKnownFileType = sourcecode.swift; path = DrinksListService.swift; sourceTree = "<group>"; };
		334D0E9729C385A8009F08E0 /* DrinksListViewModel.swift */ = {isa = PBXFileReference; lastKnownFileType = sourcecode.swift; path = DrinksListViewModel.swift; sourceTree = "<group>"; };
		3356835829C8542F00C30FC7 /* DismissableView.swift */ = {isa = PBXFileReference; lastKnownFileType = sourcecode.swift; path = DismissableView.swift; sourceTree = "<group>"; };
		3356835D29C89E8E00C30FC7 /* Drink.swift */ = {isa = PBXFileReference; lastKnownFileType = sourcecode.swift; path = Drink.swift; sourceTree = "<group>"; };
		3356836029C89EFA00C30FC7 /* _Unknownable.swift */ = {isa = PBXFileReference; lastKnownFileType = sourcecode.swift; path = _Unknownable.swift; sourceTree = "<group>"; };
		3356836229C89F2800C30FC7 /* NetworkService+Constants.swift */ = {isa = PBXFileReference; lastKnownFileType = sourcecode.swift; path = "NetworkService+Constants.swift"; sourceTree = "<group>"; };
		3356836429C89F6700C30FC7 /* DrinkSummary.swift */ = {isa = PBXFileReference; lastKnownFileType = sourcecode.swift; path = DrinkSummary.swift; sourceTree = "<group>"; };
		3356836629C89FB900C30FC7 /* Drink+Mocks.swift */ = {isa = PBXFileReference; lastKnownFileType = sourcecode.swift; path = "Drink+Mocks.swift"; sourceTree = "<group>"; };
		3356836829C89FDC00C30FC7 /* DrinkSummary+Mocks.swift */ = {isa = PBXFileReference; lastKnownFileType = sourcecode.swift; path = "DrinkSummary+Mocks.swift"; sourceTree = "<group>"; };
		3374F3AA29C735F5009B5D8C /* DrinkDetailsView.swift */ = {isa = PBXFileReference; lastKnownFileType = sourcecode.swift; path = DrinkDetailsView.swift; sourceTree = "<group>"; };
/* End PBXFileReference section */

/* Begin PBXFrameworksBuildPhase section */
		333A554229C36B5B00A89EF4 /* Frameworks */ = {
			isa = PBXFrameworksBuildPhase;
			buildActionMask = 2147483647;
			files = (
				334D0E9629C37A46009F08E0 /* Networking in Frameworks */,
			);
			runOnlyForDeploymentPostprocessing = 0;
		};
		333A555229C36B5C00A89EF4 /* Frameworks */ = {
			isa = PBXFrameworksBuildPhase;
			buildActionMask = 2147483647;
			files = (
			);
			runOnlyForDeploymentPostprocessing = 0;
		};
/* End PBXFrameworksBuildPhase section */

/* Begin PBXGroup section */
		3303A3CA29C9CB1000FD37C7 /* Fonts */ = {
			isa = PBXGroup;
			children = (
				3303A3D829C9CC9E00FD37C7 /* Lato-Black.ttf */,
				3303A3DA29C9CC9E00FD37C7 /* Lato-BlackItalic.ttf */,
				3303A3DC29C9CC9E00FD37C7 /* Lato-Italic.ttf */,
				3303A3D929C9CC9E00FD37C7 /* Lato-Light.ttf */,
				3303A3DD29C9CC9E00FD37C7 /* Lato-LightItalic.ttf */,
				3303A3DB29C9CC9E00FD37C7 /* Lato-Regular.ttf */,
				3303A3E429C9CD8000FD37C7 /* Font+CustomFonts.swift */,
			);
			path = Fonts;
			sourceTree = "<group>";
		};
		3303A3E629C9CFEC00FD37C7 /* View Modifiers */ = {
			isa = PBXGroup;
			children = (
				3303A3E729C9D00900FD37C7 /* Aligned.swift */,
			);
			path = "View Modifiers";
			sourceTree = "<group>";
		};
		3323B34E29CA0561007E760E /* Library */ = {
			isa = PBXGroup;
			children = (
				3356835829C8542F00C30FC7 /* DismissableView.swift */,
				3323B34C29C9FD61007E760E /* HeaderScrollView.swift */,
				3303A3E629C9CFEC00FD37C7 /* View Modifiers */,
			);
			path = Library;
			sourceTree = "<group>";
		};
		333A553C29C36B5B00A89EF4 = {
			isa = PBXGroup;
			children = (
				333A554729C36B5B00A89EF4 /* Bartender */,
				333A555829C36B5C00A89EF4 /* BartenderTests */,
				333A554629C36B5B00A89EF4 /* Products */,
			);
			sourceTree = "<group>";
		};
		333A554629C36B5B00A89EF4 /* Products */ = {
			isa = PBXGroup;
			children = (
				333A554529C36B5B00A89EF4 /* Bartender.app */,
				333A555529C36B5C00A89EF4 /* BartenderTests.xctest */,
			);
			name = Products;
			sourceTree = "<group>";
		};
		333A554729C36B5B00A89EF4 /* Bartender */ = {
			isa = PBXGroup;
			children = (
				3303A3D729C9CB8800FD37C7 /* Info.plist */,
				333A554829C36B5B00A89EF4 /* BartenderApp.swift */,
				334D0E8E29C36DDA009F08E0 /* Assets */,
				3356835729C8541D00C30FC7 /* Components */,
				3356835F29C89EE100C30FC7 /* Debugging Tools */,
				3356835A29C89E3800C30FC7 /* Models */,
				3356835B29C89E4000C30FC7 /* Networking */,
				334D0E8929C36CE4009F08E0 /* Scenes */,
				334D0E9929C392E4009F08E0 /* Services */,
			);
			path = Bartender;
			sourceTree = "<group>";
		};
		333A555829C36B5C00A89EF4 /* BartenderTests */ = {
			isa = PBXGroup;
			children = (
				333A555929C36B5C00A89EF4 /* BartenderTests.swift */,
			);
			path = BartenderTests;
			sourceTree = "<group>";
		};
		3343D10929C3EBA9001A5C3E /* DrinksList */ = {
			isa = PBXGroup;
			children = (
				334D0E8A29C36CF5009F08E0 /* DrinksListView.swift */,
				334D0E9729C385A8009F08E0 /* DrinksListViewModel.swift */,
			);
			path = DrinksList;
			sourceTree = "<group>";
		};
		3343D10A29C3EDC3001A5C3E /* DrinkDetails */ = {
			isa = PBXGroup;
			children = (
				3374F3AA29C735F5009B5D8C /* DrinkDetailsView.swift */,
				3343D10B29C3EEF5001A5C3E /* DrinkDetailsViewModel.swift */,
			);
			path = DrinkDetails;
			sourceTree = "<group>";
		};
		334D0E8929C36CE4009F08E0 /* Scenes */ = {
			isa = PBXGroup;
			children = (
				334D0E8C29C36D41009F08E0 /* IngredientsListView.swift */,
				333A554A29C36B5B00A89EF4 /* RootView.swift */,
				3343D10A29C3EDC3001A5C3E /* DrinkDetails */,
				3343D10929C3EBA9001A5C3E /* DrinksList */,
			);
			path = Scenes;
			sourceTree = "<group>";
		};
		334D0E8E29C36DDA009F08E0 /* Assets */ = {
			isa = PBXGroup;
			children = (
				333A554C29C36B5C00A89EF4 /* Images.xcassets */,
				3303A3CA29C9CB1000FD37C7 /* Fonts */,
			);
			path = Assets;
			sourceTree = "<group>";
		};
		334D0E9929C392E4009F08E0 /* Services */ = {
			isa = PBXGroup;
			children = (
				3343D10D29C3EF90001A5C3E /* DrinkDetailsService.swift */,
				334D0E9229C379DD009F08E0 /* DrinksListService.swift */,
				332910A729CFA80300954E4E /* Service+.swift */,
			);
			path = Services;
			sourceTree = "<group>";
		};
		3356835729C8541D00C30FC7 /* Components */ = {
			isa = PBXGroup;
			children = (
				3323B34F29CA0572007E760E /* ColoredLabel.swift */,
				3323B34E29CA0561007E760E /* Library */,
			);
			path = Components;
			sourceTree = "<group>";
		};
		3356835A29C89E3800C30FC7 /* Models */ = {
			isa = PBXGroup;
			children = (
				3356835D29C89E8E00C30FC7 /* Drink.swift */,
				3356836429C89F6700C30FC7 /* DrinkSummary.swift */,
				3356835C29C89E6300C30FC7 /* Mocks */,
			);
			path = Models;
			sourceTree = "<group>";
		};
		3356835B29C89E4000C30FC7 /* Networking */ = {
			isa = PBXGroup;
			children = (
				3356836229C89F2800C30FC7 /* NetworkService+Constants.swift */,
				332910A929CFAEED00954E4E /* URLBuilder.swift */,
			);
			path = Networking;
			sourceTree = "<group>";
		};
		3356835C29C89E6300C30FC7 /* Mocks */ = {
			isa = PBXGroup;
			children = (
				3356836629C89FB900C30FC7 /* Drink+Mocks.swift */,
				3356836829C89FDC00C30FC7 /* DrinkSummary+Mocks.swift */,
			);
			path = Mocks;
			sourceTree = "<group>";
		};
		3356835F29C89EE100C30FC7 /* Debugging Tools */ = {
			isa = PBXGroup;
			children = (
				3356836029C89EFA00C30FC7 /* _Unknownable.swift */,
			);
			path = "Debugging Tools";
			sourceTree = "<group>";
		};
/* End PBXGroup section */

/* Begin PBXNativeTarget section */
		333A554429C36B5B00A89EF4 /* Bartender */ = {
			isa = PBXNativeTarget;
			buildConfigurationList = 333A556929C36B5C00A89EF4 /* Build configuration list for PBXNativeTarget "Bartender" */;
			buildPhases = (
				333A554129C36B5B00A89EF4 /* Sources */,
				333A554229C36B5B00A89EF4 /* Frameworks */,
				333A554329C36B5B00A89EF4 /* Resources */,
			);
			buildRules = (
			);
			dependencies = (
			);
			name = Bartender;
			packageProductDependencies = (
				334D0E9529C37A46009F08E0 /* Networking */,
			);
			productName = Bartender;
			productReference = 333A554529C36B5B00A89EF4 /* Bartender.app */;
			productType = "com.apple.product-type.application";
		};
		333A555429C36B5C00A89EF4 /* BartenderTests */ = {
			isa = PBXNativeTarget;
			buildConfigurationList = 333A556C29C36B5C00A89EF4 /* Build configuration list for PBXNativeTarget "BartenderTests" */;
			buildPhases = (
				333A555129C36B5C00A89EF4 /* Sources */,
				333A555229C36B5C00A89EF4 /* Frameworks */,
				333A555329C36B5C00A89EF4 /* Resources */,
			);
			buildRules = (
			);
			dependencies = (
				333A555729C36B5C00A89EF4 /* PBXTargetDependency */,
			);
			name = BartenderTests;
			productName = BartenderTests;
			productReference = 333A555529C36B5C00A89EF4 /* BartenderTests.xctest */;
			productType = "com.apple.product-type.bundle.unit-test";
		};
/* End PBXNativeTarget section */

/* Begin PBXProject section */
		333A553D29C36B5B00A89EF4 /* Project object */ = {
			isa = PBXProject;
			attributes = {
				BuildIndependentTargetsInParallel = 1;
				LastSwiftUpdateCheck = 1420;
				LastUpgradeCheck = 1420;
				TargetAttributes = {
					333A554429C36B5B00A89EF4 = {
						CreatedOnToolsVersion = 14.2;
					};
					333A555429C36B5C00A89EF4 = {
						CreatedOnToolsVersion = 14.2;
						TestTargetID = 333A554429C36B5B00A89EF4;
					};
				};
			};
			buildConfigurationList = 333A554029C36B5B00A89EF4 /* Build configuration list for PBXProject "Bartender" */;
			compatibilityVersion = "Xcode 14.0";
			developmentRegion = en;
			hasScannedForEncodings = 0;
			knownRegions = (
				en,
				Base,
			);
			mainGroup = 333A553C29C36B5B00A89EF4;
			packageReferences = (
				334D0E9429C37A46009F08E0 /* XCRemoteSwiftPackageReference "Networking" */,
			);
			productRefGroup = 333A554629C36B5B00A89EF4 /* Products */;
			projectDirPath = "";
			projectRoot = "";
			targets = (
				333A554429C36B5B00A89EF4 /* Bartender */,
				333A555429C36B5C00A89EF4 /* BartenderTests */,
			);
		};
/* End PBXProject section */

/* Begin PBXResourcesBuildPhase section */
		333A554329C36B5B00A89EF4 /* Resources */ = {
			isa = PBXResourcesBuildPhase;
			buildActionMask = 2147483647;
			files = (
				3303A3E029C9CC9E00FD37C7 /* Lato-BlackItalic.ttf in Resources */,
				333A554D29C36B5C00A89EF4 /* Images.xcassets in Resources */,
				3303A3DF29C9CC9E00FD37C7 /* Lato-Light.ttf in Resources */,
				3303A3DE29C9CC9E00FD37C7 /* Lato-Black.ttf in Resources */,
				3303A3E229C9CC9E00FD37C7 /* Lato-Italic.ttf in Resources */,
				3303A3E129C9CC9E00FD37C7 /* Lato-Regular.ttf in Resources */,
				3303A3E329C9CC9E00FD37C7 /* Lato-LightItalic.ttf in Resources */,
			);
			runOnlyForDeploymentPostprocessing = 0;
		};
		333A555329C36B5C00A89EF4 /* Resources */ = {
			isa = PBXResourcesBuildPhase;
			buildActionMask = 2147483647;
			files = (
			);
			runOnlyForDeploymentPostprocessing = 0;
		};
/* End PBXResourcesBuildPhase section */

/* Begin PBXSourcesBuildPhase section */
		333A554129C36B5B00A89EF4 /* Sources */ = {
			isa = PBXSourcesBuildPhase;
			buildActionMask = 2147483647;
			files = (
				3356836129C89EFA00C30FC7 /* _Unknownable.swift in Sources */,
				3303A3E829C9D00900FD37C7 /* Aligned.swift in Sources */,
				3356836929C89FDC00C30FC7 /* DrinkSummary+Mocks.swift in Sources */,
				332910AA29CFAEED00954E4E /* URLBuilder.swift in Sources */,
				3343D10C29C3EEF5001A5C3E /* DrinkDetailsViewModel.swift in Sources */,
				333A554B29C36B5B00A89EF4 /* RootView.swift in Sources */,
				3356836729C89FB900C30FC7 /* Drink+Mocks.swift in Sources */,
				334D0E9329C379DD009F08E0 /* DrinksListService.swift in Sources */,
				3323B34D29C9FD61007E760E /* HeaderScrollView.swift in Sources */,
				3356835E29C89E8E00C30FC7 /* Drink.swift in Sources */,
				334D0E8B29C36CF5009F08E0 /* DrinksListView.swift in Sources */,
				333A554929C36B5B00A89EF4 /* BartenderApp.swift in Sources */,
				3343D10E29C3EF90001A5C3E /* DrinkDetailsService.swift in Sources */,
				3356836329C89F2800C30FC7 /* NetworkService+Constants.swift in Sources */,
				332910A829CFA80300954E4E /* Service+.swift in Sources */,
				3374F3AB29C735F5009B5D8C /* DrinkDetailsView.swift in Sources */,
				3303A3E529C9CD8000FD37C7 /* Font+CustomFonts.swift in Sources */,
				334D0E9829C385A8009F08E0 /* DrinksListViewModel.swift in Sources */,
				3356836529C89F6700C30FC7 /* DrinkSummary.swift in Sources */,
				3323B35029CA0572007E760E /* ColoredLabel.swift in Sources */,
				3356835929C8542F00C30FC7 /* DismissableView.swift in Sources */,
				334D0E8D29C36D41009F08E0 /* IngredientsListView.swift in Sources */,
			);
			runOnlyForDeploymentPostprocessing = 0;
		};
		333A555129C36B5C00A89EF4 /* Sources */ = {
			isa = PBXSourcesBuildPhase;
			buildActionMask = 2147483647;
			files = (
				333A555A29C36B5C00A89EF4 /* BartenderTests.swift in Sources */,
			);
			runOnlyForDeploymentPostprocessing = 0;
		};
/* End PBXSourcesBuildPhase section */

/* Begin PBXTargetDependency section */
		333A555729C36B5C00A89EF4 /* PBXTargetDependency */ = {
			isa = PBXTargetDependency;
			target = 333A554429C36B5B00A89EF4 /* Bartender */;
			targetProxy = 333A555629C36B5C00A89EF4 /* PBXContainerItemProxy */;
		};
/* End PBXTargetDependency section */

/* Begin XCBuildConfiguration section */
		333A556729C36B5C00A89EF4 /* Debug */ = {
			isa = XCBuildConfiguration;
			buildSettings = {
				ALWAYS_SEARCH_USER_PATHS = NO;
				CLANG_ANALYZER_NONNULL = YES;
				CLANG_ANALYZER_NUMBER_OBJECT_CONVERSION = YES_AGGRESSIVE;
				CLANG_CXX_LANGUAGE_STANDARD = "gnu++20";
				CLANG_ENABLE_MODULES = YES;
				CLANG_ENABLE_OBJC_ARC = YES;
				CLANG_ENABLE_OBJC_WEAK = YES;
				CLANG_WARN_BLOCK_CAPTURE_AUTORELEASING = YES;
				CLANG_WARN_BOOL_CONVERSION = YES;
				CLANG_WARN_COMMA = YES;
				CLANG_WARN_CONSTANT_CONVERSION = YES;
				CLANG_WARN_DEPRECATED_OBJC_IMPLEMENTATIONS = YES;
				CLANG_WARN_DIRECT_OBJC_ISA_USAGE = YES_ERROR;
				CLANG_WARN_DOCUMENTATION_COMMENTS = YES;
				CLANG_WARN_EMPTY_BODY = YES;
				CLANG_WARN_ENUM_CONVERSION = YES;
				CLANG_WARN_INFINITE_RECURSION = YES;
				CLANG_WARN_INT_CONVERSION = YES;
				CLANG_WARN_NON_LITERAL_NULL_CONVERSION = YES;
				CLANG_WARN_OBJC_IMPLICIT_RETAIN_SELF = YES;
				CLANG_WARN_OBJC_LITERAL_CONVERSION = YES;
				CLANG_WARN_OBJC_ROOT_CLASS = YES_ERROR;
				CLANG_WARN_QUOTED_INCLUDE_IN_FRAMEWORK_HEADER = YES;
				CLANG_WARN_RANGE_LOOP_ANALYSIS = YES;
				CLANG_WARN_STRICT_PROTOTYPES = YES;
				CLANG_WARN_SUSPICIOUS_MOVE = YES;
				CLANG_WARN_UNGUARDED_AVAILABILITY = YES_AGGRESSIVE;
				CLANG_WARN_UNREACHABLE_CODE = YES;
				CLANG_WARN__DUPLICATE_METHOD_MATCH = YES;
				COPY_PHASE_STRIP = NO;
				DEBUG_INFORMATION_FORMAT = dwarf;
				ENABLE_STRICT_OBJC_MSGSEND = YES;
				ENABLE_TESTABILITY = YES;
				GCC_C_LANGUAGE_STANDARD = gnu11;
				GCC_DYNAMIC_NO_PIC = NO;
				GCC_NO_COMMON_BLOCKS = YES;
				GCC_OPTIMIZATION_LEVEL = 0;
				GCC_PREPROCESSOR_DEFINITIONS = (
					"DEBUG=1",
					"$(inherited)",
				);
				GCC_WARN_64_TO_32_BIT_CONVERSION = YES;
				GCC_WARN_ABOUT_RETURN_TYPE = YES_ERROR;
				GCC_WARN_UNDECLARED_SELECTOR = YES;
				GCC_WARN_UNINITIALIZED_AUTOS = YES_AGGRESSIVE;
				GCC_WARN_UNUSED_FUNCTION = YES;
				GCC_WARN_UNUSED_VARIABLE = YES;
				IPHONEOS_DEPLOYMENT_TARGET = 16.2;
				MTL_ENABLE_DEBUG_INFO = INCLUDE_SOURCE;
				MTL_FAST_MATH = YES;
				ONLY_ACTIVE_ARCH = YES;
				SDKROOT = iphoneos;
				SWIFT_ACTIVE_COMPILATION_CONDITIONS = DEBUG;
				SWIFT_OPTIMIZATION_LEVEL = "-Onone";
			};
			name = Debug;
		};
		333A556829C36B5C00A89EF4 /* Release */ = {
			isa = XCBuildConfiguration;
			buildSettings = {
				ALWAYS_SEARCH_USER_PATHS = NO;
				CLANG_ANALYZER_NONNULL = YES;
				CLANG_ANALYZER_NUMBER_OBJECT_CONVERSION = YES_AGGRESSIVE;
				CLANG_CXX_LANGUAGE_STANDARD = "gnu++20";
				CLANG_ENABLE_MODULES = YES;
				CLANG_ENABLE_OBJC_ARC = YES;
				CLANG_ENABLE_OBJC_WEAK = YES;
				CLANG_WARN_BLOCK_CAPTURE_AUTORELEASING = YES;
				CLANG_WARN_BOOL_CONVERSION = YES;
				CLANG_WARN_COMMA = YES;
				CLANG_WARN_CONSTANT_CONVERSION = YES;
				CLANG_WARN_DEPRECATED_OBJC_IMPLEMENTATIONS = YES;
				CLANG_WARN_DIRECT_OBJC_ISA_USAGE = YES_ERROR;
				CLANG_WARN_DOCUMENTATION_COMMENTS = YES;
				CLANG_WARN_EMPTY_BODY = YES;
				CLANG_WARN_ENUM_CONVERSION = YES;
				CLANG_WARN_INFINITE_RECURSION = YES;
				CLANG_WARN_INT_CONVERSION = YES;
				CLANG_WARN_NON_LITERAL_NULL_CONVERSION = YES;
				CLANG_WARN_OBJC_IMPLICIT_RETAIN_SELF = YES;
				CLANG_WARN_OBJC_LITERAL_CONVERSION = YES;
				CLANG_WARN_OBJC_ROOT_CLASS = YES_ERROR;
				CLANG_WARN_QUOTED_INCLUDE_IN_FRAMEWORK_HEADER = YES;
				CLANG_WARN_RANGE_LOOP_ANALYSIS = YES;
				CLANG_WARN_STRICT_PROTOTYPES = YES;
				CLANG_WARN_SUSPICIOUS_MOVE = YES;
				CLANG_WARN_UNGUARDED_AVAILABILITY = YES_AGGRESSIVE;
				CLANG_WARN_UNREACHABLE_CODE = YES;
				CLANG_WARN__DUPLICATE_METHOD_MATCH = YES;
				COPY_PHASE_STRIP = NO;
				DEBUG_INFORMATION_FORMAT = "dwarf-with-dsym";
				ENABLE_NS_ASSERTIONS = NO;
				ENABLE_STRICT_OBJC_MSGSEND = YES;
				GCC_C_LANGUAGE_STANDARD = gnu11;
				GCC_NO_COMMON_BLOCKS = YES;
				GCC_WARN_64_TO_32_BIT_CONVERSION = YES;
				GCC_WARN_ABOUT_RETURN_TYPE = YES_ERROR;
				GCC_WARN_UNDECLARED_SELECTOR = YES;
				GCC_WARN_UNINITIALIZED_AUTOS = YES_AGGRESSIVE;
				GCC_WARN_UNUSED_FUNCTION = YES;
				GCC_WARN_UNUSED_VARIABLE = YES;
				IPHONEOS_DEPLOYMENT_TARGET = 16.2;
				MTL_ENABLE_DEBUG_INFO = NO;
				MTL_FAST_MATH = YES;
				SDKROOT = iphoneos;
				SWIFT_COMPILATION_MODE = wholemodule;
				SWIFT_OPTIMIZATION_LEVEL = "-O";
				VALIDATE_PRODUCT = YES;
			};
			name = Release;
		};
		333A556A29C36B5C00A89EF4 /* Debug */ = {
			isa = XCBuildConfiguration;
			buildSettings = {
				ASSETCATALOG_COMPILER_APPICON_NAME = AppIcon;
				ASSETCATALOG_COMPILER_GLOBAL_ACCENT_COLOR_NAME = AccentColor;
				CODE_SIGN_STYLE = Automatic;
				CURRENT_PROJECT_VERSION = 1;
				DEVELOPMENT_ASSET_PATHS = "";
				DEVELOPMENT_TEAM = 3RHB4UFD9V;
				ENABLE_PREVIEWS = YES;
				GENERATE_INFOPLIST_FILE = YES;
				INFOPLIST_FILE = Bartender/Info.plist;
				INFOPLIST_KEY_UIApplicationSceneManifest_Generation = YES;
				INFOPLIST_KEY_UIApplicationSupportsIndirectInputEvents = YES;
				INFOPLIST_KEY_UILaunchScreen_Generation = YES;
				INFOPLIST_KEY_UISupportedInterfaceOrientations_iPad = "UIInterfaceOrientationPortrait UIInterfaceOrientationPortraitUpsideDown UIInterfaceOrientationLandscapeLeft UIInterfaceOrientationLandscapeRight";
				INFOPLIST_KEY_UISupportedInterfaceOrientations_iPhone = "UIInterfaceOrientationPortrait UIInterfaceOrientationLandscapeLeft UIInterfaceOrientationLandscapeRight";
				LD_RUNPATH_SEARCH_PATHS = (
					"$(inherited)",
					"@executable_path/Frameworks",
				);
				MARKETING_VERSION = 1.0;
				PRODUCT_BUNDLE_IDENTIFIER = com.vfeder.Bartender;
				PRODUCT_NAME = "$(TARGET_NAME)";
				SWIFT_EMIT_LOC_STRINGS = YES;
				SWIFT_VERSION = 5.0;
				TARGETED_DEVICE_FAMILY = "1,2";
			};
			name = Debug;
		};
		333A556B29C36B5C00A89EF4 /* Release */ = {
			isa = XCBuildConfiguration;
			buildSettings = {
				ASSETCATALOG_COMPILER_APPICON_NAME = AppIcon;
				ASSETCATALOG_COMPILER_GLOBAL_ACCENT_COLOR_NAME = AccentColor;
				CODE_SIGN_STYLE = Automatic;
				CURRENT_PROJECT_VERSION = 1;
				DEVELOPMENT_ASSET_PATHS = "";
				DEVELOPMENT_TEAM = 3RHB4UFD9V;
				ENABLE_PREVIEWS = YES;
				GENERATE_INFOPLIST_FILE = YES;
				INFOPLIST_FILE = Bartender/Info.plist;
				INFOPLIST_KEY_UIApplicationSceneManifest_Generation = YES;
				INFOPLIST_KEY_UIApplicationSupportsIndirectInputEvents = YES;
				INFOPLIST_KEY_UILaunchScreen_Generation = YES;
				INFOPLIST_KEY_UISupportedInterfaceOrientations_iPad = "UIInterfaceOrientationPortrait UIInterfaceOrientationPortraitUpsideDown UIInterfaceOrientationLandscapeLeft UIInterfaceOrientationLandscapeRight";
				INFOPLIST_KEY_UISupportedInterfaceOrientations_iPhone = "UIInterfaceOrientationPortrait UIInterfaceOrientationLandscapeLeft UIInterfaceOrientationLandscapeRight";
				LD_RUNPATH_SEARCH_PATHS = (
					"$(inherited)",
					"@executable_path/Frameworks",
				);
				MARKETING_VERSION = 1.0;
				PRODUCT_BUNDLE_IDENTIFIER = com.vfeder.Bartender;
				PRODUCT_NAME = "$(TARGET_NAME)";
				SWIFT_EMIT_LOC_STRINGS = YES;
				SWIFT_VERSION = 5.0;
				TARGETED_DEVICE_FAMILY = "1,2";
			};
			name = Release;
		};
		333A556D29C36B5C00A89EF4 /* Debug */ = {
			isa = XCBuildConfiguration;
			buildSettings = {
				ALWAYS_EMBED_SWIFT_STANDARD_LIBRARIES = YES;
				BUNDLE_LOADER = "$(TEST_HOST)";
				CODE_SIGN_STYLE = Automatic;
				CURRENT_PROJECT_VERSION = 1;
				DEVELOPMENT_TEAM = 3RHB4UFD9V;
				GENERATE_INFOPLIST_FILE = YES;
				IPHONEOS_DEPLOYMENT_TARGET = 16.2;
				MARKETING_VERSION = 1.0;
				PRODUCT_BUNDLE_IDENTIFIER = com.vfeder.BartenderTests;
				PRODUCT_NAME = "$(TARGET_NAME)";
				SWIFT_EMIT_LOC_STRINGS = NO;
				SWIFT_VERSION = 5.0;
				TARGETED_DEVICE_FAMILY = "1,2";
				TEST_HOST = "$(BUILT_PRODUCTS_DIR)/Bartender.app/$(BUNDLE_EXECUTABLE_FOLDER_PATH)/Bartender";
			};
			name = Debug;
		};
		333A556E29C36B5C00A89EF4 /* Release */ = {
			isa = XCBuildConfiguration;
			buildSettings = {
				ALWAYS_EMBED_SWIFT_STANDARD_LIBRARIES = YES;
				BUNDLE_LOADER = "$(TEST_HOST)";
				CODE_SIGN_STYLE = Automatic;
				CURRENT_PROJECT_VERSION = 1;
				DEVELOPMENT_TEAM = 3RHB4UFD9V;
				GENERATE_INFOPLIST_FILE = YES;
				IPHONEOS_DEPLOYMENT_TARGET = 16.2;
				MARKETING_VERSION = 1.0;
				PRODUCT_BUNDLE_IDENTIFIER = com.vfeder.BartenderTests;
				PRODUCT_NAME = "$(TARGET_NAME)";
				SWIFT_EMIT_LOC_STRINGS = NO;
				SWIFT_VERSION = 5.0;
				TARGETED_DEVICE_FAMILY = "1,2";
				TEST_HOST = "$(BUILT_PRODUCTS_DIR)/Bartender.app/$(BUNDLE_EXECUTABLE_FOLDER_PATH)/Bartender";
			};
			name = Release;
		};
/* End XCBuildConfiguration section */

/* Begin XCConfigurationList section */
		333A554029C36B5B00A89EF4 /* Build configuration list for PBXProject "Bartender" */ = {
			isa = XCConfigurationList;
			buildConfigurations = (
				333A556729C36B5C00A89EF4 /* Debug */,
				333A556829C36B5C00A89EF4 /* Release */,
			);
			defaultConfigurationIsVisible = 0;
			defaultConfigurationName = Release;
		};
		333A556929C36B5C00A89EF4 /* Build configuration list for PBXNativeTarget "Bartender" */ = {
			isa = XCConfigurationList;
			buildConfigurations = (
				333A556A29C36B5C00A89EF4 /* Debug */,
				333A556B29C36B5C00A89EF4 /* Release */,
			);
			defaultConfigurationIsVisible = 0;
			defaultConfigurationName = Release;
		};
		333A556C29C36B5C00A89EF4 /* Build configuration list for PBXNativeTarget "BartenderTests" */ = {
			isa = XCConfigurationList;
			buildConfigurations = (
				333A556D29C36B5C00A89EF4 /* Debug */,
				333A556E29C36B5C00A89EF4 /* Release */,
			);
			defaultConfigurationIsVisible = 0;
			defaultConfigurationName = Release;
		};
/* End XCConfigurationList section */

/* Begin XCRemoteSwiftPackageReference section */
		334D0E9429C37A46009F08E0 /* XCRemoteSwiftPackageReference "Networking" */ = {
			isa = XCRemoteSwiftPackageReference;
			repositoryURL = "https://github.com/vfeder6/Networking";
			requirement = {
				branch = "feature/unit-tests";
				kind = branch;
			};
		};
/* End XCRemoteSwiftPackageReference section */

/* Begin XCSwiftPackageProductDependency section */
		334D0E9529C37A46009F08E0 /* Networking */ = {
			isa = XCSwiftPackageProductDependency;
			package = 334D0E9429C37A46009F08E0 /* XCRemoteSwiftPackageReference "Networking" */;
			productName = Networking;
		};
/* End XCSwiftPackageProductDependency section */
	};
	rootObject = 333A553D29C36B5B00A89EF4 /* Project object */;
}
